// !$*UTF8*$!
{
	archiveVersion = 1;
	classes = {
	};
	objectVersion = 46;
	objects = {

/* Begin PBXBuildFile section */
		77BF7DCE17E462AC0085043A /* ELTableViewController.bundle in Resources */ = {isa = PBXBuildFile; fileRef = 77BF7DCD17E462AC0085043A /* ELTableViewController.bundle */; };
		F2327774166B5ECB00AD50D5 /* UIKit.framework in Frameworks */ = {isa = PBXBuildFile; fileRef = F2327773166B5ECB00AD50D5 /* UIKit.framework */; };
		F2327776166B5ECB00AD50D5 /* Foundation.framework in Frameworks */ = {isa = PBXBuildFile; fileRef = F2327775166B5ECB00AD50D5 /* Foundation.framework */; };
		F2327778166B5ECB00AD50D5 /* CoreGraphics.framework in Frameworks */ = {isa = PBXBuildFile; fileRef = F2327777166B5ECB00AD50D5 /* CoreGraphics.framework */; };
		F232777E166B5ECB00AD50D5 /* InfoPlist.strings in Resources */ = {isa = PBXBuildFile; fileRef = F232777C166B5ECB00AD50D5 /* InfoPlist.strings */; };
		F2327780166B5ECB00AD50D5 /* main.m in Sources */ = {isa = PBXBuildFile; fileRef = F232777F166B5ECB00AD50D5 /* main.m */; };
		F2327784166B5ECB00AD50D5 /* AppDelegate.m in Sources */ = {isa = PBXBuildFile; fileRef = F2327783166B5ECB00AD50D5 /* AppDelegate.m */; };
		F2327797166B60F200AD50D5 /* TestViewController.m in Sources */ = {isa = PBXBuildFile; fileRef = F2327796166B60F200AD50D5 /* TestViewController.m */; };
		F23277A1166B61F500AD50D5 /* EGORefreshTableHeaderView.m in Sources */ = {isa = PBXBuildFile; fileRef = F232779A166B61F500AD50D5 /* EGORefreshTableHeaderView.m */; };
		F23277A2166B61F500AD50D5 /* ELTableViewController.m in Sources */ = {isa = PBXBuildFile; fileRef = F232779C166B61F500AD50D5 /* ELTableViewController.m */; };
		F23277A3166B61F500AD50D5 /* IconDownloader.m in Sources */ = {isa = PBXBuildFile; fileRef = F232779E166B61F500AD50D5 /* IconDownloader.m */; };
		F23277A4166B61F500AD50D5 /* LoadMoreTableFooterView.m in Sources */ = {isa = PBXBuildFile; fileRef = F23277A0166B61F500AD50D5 /* LoadMoreTableFooterView.m */; };
		F23277A6166B621F00AD50D5 /* QuartzCore.framework in Frameworks */ = {isa = PBXBuildFile; fileRef = F23277A5166B621F00AD50D5 /* QuartzCore.framework */; };
/* End PBXBuildFile section */

/* Begin PBXFileReference section */
		77BF7DCC17E461720085043A /* ELTableViewControllerDemo-Prefix.pch */ = {isa = PBXFileReference; fileEncoding = 4; lastKnownFileType = sourcecode.c.h; path = "ELTableViewControllerDemo-Prefix.pch"; sourceTree = "<group>"; };
		77BF7DCD17E462AC0085043A /* ELTableViewController.bundle */ = {isa = PBXFileReference; lastKnownFileType = "wrapper.plug-in"; path = ELTableViewController.bundle; sourceTree = "<group>"; };
		F232776F166B5ECB00AD50D5 /* ELTableViewControllerDemo.app */ = {isa = PBXFileReference; explicitFileType = wrapper.application; includeInIndex = 0; path = ELTableViewControllerDemo.app; sourceTree = BUILT_PRODUCTS_DIR; };
		F2327773166B5ECB00AD50D5 /* UIKit.framework */ = {isa = PBXFileReference; lastKnownFileType = wrapper.framework; name = UIKit.framework; path = System/Library/Frameworks/UIKit.framework; sourceTree = SDKROOT; };
		F2327775166B5ECB00AD50D5 /* Foundation.framework */ = {isa = PBXFileReference; lastKnownFileType = wrapper.framework; name = Foundation.framework; path = System/Library/Frameworks/Foundation.framework; sourceTree = SDKROOT; };
		F2327777166B5ECB00AD50D5 /* CoreGraphics.framework */ = {isa = PBXFileReference; lastKnownFileType = wrapper.framework; name = CoreGraphics.framework; path = System/Library/Frameworks/CoreGraphics.framework; sourceTree = SDKROOT; };
		F232777B166B5ECB00AD50D5 /* ELTableViewControllerDemo-Info.plist */ = {isa = PBXFileReference; lastKnownFileType = text.plist.xml; path = "ELTableViewControllerDemo-Info.plist"; sourceTree = "<group>"; };
		F232777D166B5ECB00AD50D5 /* en */ = {isa = PBXFileReference; lastKnownFileType = text.plist.strings; name = en; path = en.lproj/InfoPlist.strings; sourceTree = "<group>"; };
		F232777F166B5ECB00AD50D5 /* main.m */ = {isa = PBXFileReference; lastKnownFileType = sourcecode.c.objc; path = main.m; sourceTree = "<group>"; };
		F2327782166B5ECB00AD50D5 /* AppDelegate.h */ = {isa = PBXFileReference; lastKnownFileType = sourcecode.c.h; path = AppDelegate.h; sourceTree = "<group>"; };
		F2327783166B5ECB00AD50D5 /* AppDelegate.m */ = {isa = PBXFileReference; lastKnownFileType = sourcecode.c.objc; path = AppDelegate.m; sourceTree = "<group>"; };
		F2327795166B60F200AD50D5 /* TestViewController.h */ = {isa = PBXFileReference; fileEncoding = 4; lastKnownFileType = sourcecode.c.h; path = TestViewController.h; sourceTree = "<group>"; };
		F2327796166B60F200AD50D5 /* TestViewController.m */ = {isa = PBXFileReference; fileEncoding = 4; lastKnownFileType = sourcecode.c.objc; path = TestViewController.m; sourceTree = "<group>"; };
		F2327799166B61F500AD50D5 /* EGORefreshTableHeaderView.h */ = {isa = PBXFileReference; fileEncoding = 4; lastKnownFileType = sourcecode.c.h; name = EGORefreshTableHeaderView.h; path = ELTableViewController/EGORefreshTableHeaderView.h; sourceTree = "<group>"; };
		F232779A166B61F500AD50D5 /* EGORefreshTableHeaderView.m */ = {isa = PBXFileReference; fileEncoding = 4; lastKnownFileType = sourcecode.c.objc; name = EGORefreshTableHeaderView.m; path = ELTableViewController/EGORefreshTableHeaderView.m; sourceTree = "<group>"; };
		F232779B166B61F500AD50D5 /* ELTableViewController.h */ = {isa = PBXFileReference; fileEncoding = 4; lastKnownFileType = sourcecode.c.h; name = ELTableViewController.h; path = ELTableViewController/ELTableViewController.h; sourceTree = "<group>"; };
		F232779C166B61F500AD50D5 /* ELTableViewController.m */ = {isa = PBXFileReference; fileEncoding = 4; lastKnownFileType = sourcecode.c.objc; name = ELTableViewController.m; path = ELTableViewController/ELTableViewController.m; sourceTree = "<group>"; };
		F232779D166B61F500AD50D5 /* IconDownloader.h */ = {isa = PBXFileReference; fileEncoding = 4; lastKnownFileType = sourcecode.c.h; name = IconDownloader.h; path = ELTableViewController/IconDownloader.h; sourceTree = "<group>"; };
		F232779E166B61F500AD50D5 /* IconDownloader.m */ = {isa = PBXFileReference; fileEncoding = 4; lastKnownFileType = sourcecode.c.objc; name = IconDownloader.m; path = ELTableViewController/IconDownloader.m; sourceTree = "<group>"; };
		F232779F166B61F500AD50D5 /* LoadMoreTableFooterView.h */ = {isa = PBXFileReference; fileEncoding = 4; lastKnownFileType = sourcecode.c.h; name = LoadMoreTableFooterView.h; path = ELTableViewController/LoadMoreTableFooterView.h; sourceTree = "<group>"; };
		F23277A0166B61F500AD50D5 /* LoadMoreTableFooterView.m */ = {isa = PBXFileReference; fileEncoding = 4; lastKnownFileType = sourcecode.c.objc; name = LoadMoreTableFooterView.m; path = ELTableViewController/LoadMoreTableFooterView.m; sourceTree = "<group>"; };
		F23277A5166B621F00AD50D5 /* QuartzCore.framework */ = {isa = PBXFileReference; lastKnownFileType = wrapper.framework; name = QuartzCore.framework; path = System/Library/Frameworks/QuartzCore.framework; sourceTree = SDKROOT; };
/* End PBXFileReference section */

/* Begin PBXFrameworksBuildPhase section */
		F232776C166B5ECB00AD50D5 /* Frameworks */ = {
			isa = PBXFrameworksBuildPhase;
			buildActionMask = 2147483647;
			files = (
				F23277A6166B621F00AD50D5 /* QuartzCore.framework in Frameworks */,
				F2327774166B5ECB00AD50D5 /* UIKit.framework in Frameworks */,
				F2327776166B5ECB00AD50D5 /* Foundation.framework in Frameworks */,
				F2327778166B5ECB00AD50D5 /* CoreGraphics.framework in Frameworks */,
			);
			runOnlyForDeploymentPostprocessing = 0;
		};
/* End PBXFrameworksBuildPhase section */

/* Begin PBXGroup section */
		F2327764166B5ECA00AD50D5 = {
			isa = PBXGroup;
			children = (
				F2327798166B61D300AD50D5 /* ELTableViewController */,
				F2327779166B5ECB00AD50D5 /* ELTableViewControllerDemo */,
				F2327772166B5ECB00AD50D5 /* Frameworks */,
				F2327770166B5ECB00AD50D5 /* Products */,
			);
			sourceTree = "<group>";
		};
		F2327770166B5ECB00AD50D5 /* Products */ = {
			isa = PBXGroup;
			children = (
				F232776F166B5ECB00AD50D5 /* ELTableViewControllerDemo.app */,
			);
			name = Products;
			sourceTree = "<group>";
		};
		F2327772166B5ECB00AD50D5 /* Frameworks */ = {
			isa = PBXGroup;
			children = (
				F23277A5166B621F00AD50D5 /* QuartzCore.framework */,
				F2327773166B5ECB00AD50D5 /* UIKit.framework */,
				F2327775166B5ECB00AD50D5 /* Foundation.framework */,
				F2327777166B5ECB00AD50D5 /* CoreGraphics.framework */,
			);
			name = Frameworks;
			sourceTree = "<group>";
		};
		F2327779166B5ECB00AD50D5 /* ELTableViewControllerDemo */ = {
			isa = PBXGroup;
			children = (
				F2327795166B60F200AD50D5 /* TestViewController.h */,
				F2327796166B60F200AD50D5 /* TestViewController.m */,
				F2327782166B5ECB00AD50D5 /* AppDelegate.h */,
				F2327783166B5ECB00AD50D5 /* AppDelegate.m */,
				F232777A166B5ECB00AD50D5 /* Supporting Files */,
			);
			path = ELTableViewControllerDemo;
			sourceTree = "<group>";
		};
		F232777A166B5ECB00AD50D5 /* Supporting Files */ = {
			isa = PBXGroup;
			children = (
				77BF7DCC17E461720085043A /* ELTableViewControllerDemo-Prefix.pch */,
				F232777B166B5ECB00AD50D5 /* ELTableViewControllerDemo-Info.plist */,
				F232777C166B5ECB00AD50D5 /* InfoPlist.strings */,
				F232777F166B5ECB00AD50D5 /* main.m */,
			);
			name = "Supporting Files";
			sourceTree = "<group>";
		};
		F2327798166B61D300AD50D5 /* ELTableViewController */ = {
			isa = PBXGroup;
			children = (
				77BF7DCD17E462AC0085043A /* ELTableViewController.bundle */,
				F2327799166B61F500AD50D5 /* EGORefreshTableHeaderView.h */,
				F232779A166B61F500AD50D5 /* EGORefreshTableHeaderView.m */,
				F232779B166B61F500AD50D5 /* ELTableViewController.h */,
				F232779C166B61F500AD50D5 /* ELTableViewController.m */,
				F232779D166B61F500AD50D5 /* IconDownloader.h */,
				F232779E166B61F500AD50D5 /* IconDownloader.m */,
				F232779F166B61F500AD50D5 /* LoadMoreTableFooterView.h */,
				F23277A0166B61F500AD50D5 /* LoadMoreTableFooterView.m */,
			);
			name = ELTableViewController;
			sourceTree = "<group>";
		};
/* End PBXGroup section */

/* Begin PBXNativeTarget section */
		F232776E166B5ECB00AD50D5 /* ELTableViewControllerDemo */ = {
			isa = PBXNativeTarget;
			buildConfigurationList = F232778D166B5ECB00AD50D5 /* Build configuration list for PBXNativeTarget "ELTableViewControllerDemo" */;
			buildPhases = (
				F232776B166B5ECB00AD50D5 /* Sources */,
				F232776C166B5ECB00AD50D5 /* Frameworks */,
				F232776D166B5ECB00AD50D5 /* Resources */,
			);
			buildRules = (
			);
			dependencies = (
			);
			name = ELTableViewControllerDemo;
			productName = ELTableViewControllerDemo;
			productReference = F232776F166B5ECB00AD50D5 /* ELTableViewControllerDemo.app */;
			productType = "com.apple.product-type.application";
		};
/* End PBXNativeTarget section */

/* Begin PBXProject section */
		F2327766166B5ECA00AD50D5 /* Project object */ = {
			isa = PBXProject;
			attributes = {
				LastUpgradeCheck = 0430;
			};
			buildConfigurationList = F2327769166B5ECA00AD50D5 /* Build configuration list for PBXProject "ELTableViewControllerDemo" */;
			compatibilityVersion = "Xcode 3.2";
			developmentRegion = English;
			hasScannedForEncodings = 0;
			knownRegions = (
				en,
			);
			mainGroup = F2327764166B5ECA00AD50D5;
			productRefGroup = F2327770166B5ECB00AD50D5 /* Products */;
			projectDirPath = "";
			projectRoot = "";
			targets = (
				F232776E166B5ECB00AD50D5 /* ELTableViewControllerDemo */,
			);
		};
/* End PBXProject section */

/* Begin PBXResourcesBuildPhase section */
		F232776D166B5ECB00AD50D5 /* Resources */ = {
			isa = PBXResourcesBuildPhase;
			buildActionMask = 2147483647;
			files = (
				F232777E166B5ECB00AD50D5 /* InfoPlist.strings in Resources */,
				77BF7DCE17E462AC0085043A /* ELTableViewController.bundle in Resources */,
			);
			runOnlyForDeploymentPostprocessing = 0;
		};
/* End PBXResourcesBuildPhase section */

/* Begin PBXSourcesBuildPhase section */
		F232776B166B5ECB00AD50D5 /* Sources */ = {
			isa = PBXSourcesBuildPhase;
			buildActionMask = 2147483647;
			files = (
				F2327780166B5ECB00AD50D5 /* main.m in Sources */,
				F2327784166B5ECB00AD50D5 /* AppDelegate.m in Sources */,
				F2327797166B60F200AD50D5 /* TestViewController.m in Sources */,
				F23277A1166B61F500AD50D5 /* EGORefreshTableHeaderView.m in Sources */,
				F23277A2166B61F500AD50D5 /* ELTableViewController.m in Sources */,
				F23277A3166B61F500AD50D5 /* IconDownloader.m in Sources */,
				F23277A4166B61F500AD50D5 /* LoadMoreTableFooterView.m in Sources */,
			);
			runOnlyForDeploymentPostprocessing = 0;
		};
/* End PBXSourcesBuildPhase section */

/* Begin PBXVariantGroup section */
		F232777C166B5ECB00AD50D5 /* InfoPlist.strings */ = {
			isa = PBXVariantGroup;
			children = (
				F232777D166B5ECB00AD50D5 /* en */,
			);
			name = InfoPlist.strings;
			sourceTree = "<group>";
		};
/* End PBXVariantGroup section */

/* Begin XCBuildConfiguration section */
		F232778B166B5ECB00AD50D5 /* Debug */ = {
			isa = XCBuildConfiguration;
			buildSettings = {
				ALWAYS_SEARCH_USER_PATHS = NO;
				ARCHS = "$(ARCHS_STANDARD_32_BIT)";
				"CODE_SIGN_IDENTITY[sdk=iphoneos*]" = "iPhone Developer";
				COPY_PHASE_STRIP = NO;
				GCC_C_LANGUAGE_STANDARD = gnu99;
				GCC_DYNAMIC_NO_PIC = NO;
				GCC_OPTIMIZATION_LEVEL = 0;
				GCC_PREPROCESSOR_DEFINITIONS = (
					"DEBUG=1",
					"$(inherited)",
				);
				GCC_SYMBOLS_PRIVATE_EXTERN = NO;
				GCC_VERSION = com.apple.compilers.llvm.clang.1_0;
				GCC_WARN_ABOUT_RETURN_TYPE = YES;
				GCC_WARN_UNINITIALIZED_AUTOS = YES;
				GCC_WARN_UNUSED_VARIABLE = YES;
				IPHONEOS_DEPLOYMENT_TARGET = 5.1;
				SDKROOT = iphoneos;
			};
			name = Debug;
		};
		F232778C166B5ECB00AD50D5 /* Release */ = {
			isa = XCBuildConfiguration;
			buildSettings = {
				ALWAYS_SEARCH_USER_PATHS = NO;
				ARCHS = "$(ARCHS_STANDARD_32_BIT)";
				"CODE_SIGN_IDENTITY[sdk=iphoneos*]" = "iPhone Developer";
				COPY_PHASE_STRIP = YES;
				GCC_C_LANGUAGE_STANDARD = gnu99;
				GCC_VERSION = com.apple.compilers.llvm.clang.1_0;
				GCC_WARN_ABOUT_RETURN_TYPE = YES;
				GCC_WARN_UNINITIALIZED_AUTOS = YES;
				GCC_WARN_UNUSED_VARIABLE = YES;
				IPHONEOS_DEPLOYMENT_TARGET = 5.1;
				OTHER_CFLAGS = "-DNS_BLOCK_ASSERTIONS=1";
				SDKROOT = iphoneos;
				VALIDATE_PRODUCT = YES;
			};
			name = Release;
		};
		F232778E166B5ECB00AD50D5 /* Debug */ = {
			isa = XCBuildConfiguration;
			buildSettings = {
				GCC_PRECOMPILE_PREFIX_HEADER = YES;
				GCC_PREFIX_HEADER = "ELTableViewControllerDemo/ELTableViewControllerDemo-Prefix.pch";
				INFOPLIST_FILE = "ELTableViewControllerDemo/ELTableViewControllerDemo-Info.plist";
				PRODUCT_NAME = "$(TARGET_NAME)";
				WRAPPER_EXTENSION = app;
			};
			name = Debug;
		};
		F232778F166B5ECB00AD50D5 /* Release */ = {
			isa = XCBuildConfiguration;
			buildSettings = {
				GCC_PRECOMPILE_PREFIX_HEADER = YES;
				GCC_PREFIX_HEADER = "ELTableViewControllerDemo/ELTableViewControllerDemo-Prefix.pch";
				INFOPLIST_FILE = "ELTableViewControllerDemo/ELTableViewControllerDemo-Info.plist";
				PRODUCT_NAME = "$(TARGET_NAME)";
				WRAPPER_EXTENSION = app;
			};
			name = Release;
		};
/* End XCBuildConfiguration section */

/* Begin XCConfigurationList section */
		F2327769166B5ECA00AD50D5 /* Build configuration list for PBXProject "ELTableViewControllerDemo" */ = {
			isa = XCConfigurationList;
			buildConfigurations = (
				F232778B166B5ECB00AD50D5 /* Debug */,
				F232778C166B5ECB00AD50D5 /* Release */,
			);
			defaultConfigurationIsVisible = 0;
			defaultConfigurationName = Release;
		};
		F232778D166B5ECB00AD50D5 /* Build configuration list for PBXNativeTarget "ELTableViewControllerDemo" */ = {
			isa = XCConfigurationList;
			buildConfigurations = (
				F232778E166B5ECB00AD50D5 /* Debug */,
				F232778F166B5ECB00AD50D5 /* Release */,
			);
			defaultConfigurationIsVisible = 0;
			defaultConfigurationName = Release;
		};
/* End XCConfigurationList section */
	};
	rootObject = F2327766166B5ECA00AD50D5 /* Project object */;
}
